
Microsoft Visual Studio Solution File, Format Version 12.00
# Visual Studio Version 16
VisualStudioVersion = 16.0.31424.327
MinimumVisualStudioVersion = 10.0.40219.1
Project("{9A19103F-16F7-4668-BE54-9A1E7A4F7556}") = "AdminPortal", "AdminPortal.csproj", "{CE7378CF-0D77-4067-A885-0669653938C0}"
EndProject
Project("{9A19103F-16F7-4668-BE54-9A1E7A4F7556}") = "MCBA-Models", "..\MCBA-Models\MCBA-Models.csproj", "{A6CB4278-2444-40FC-9899-02BC8ACFB3E7}"
EndProject
Project("{9A19103F-16F7-4668-BE54-9A1E7A4F7556}") = "MCBA-WebAPI", "..\MCBA-WebAPI\MCBA-WebAPI.csproj", "{D67B7225-0498-4AE6-9BE8-867A5613B2F0}"
EndProject
Global
	GlobalSection(SolutionConfigurationPlatforms) = preSolution
		Debug|Any CPU = Debug|Any CPU
		Release|Any CPU = Release|Any CPU
	EndGlobalSection
	GlobalSection(ProjectConfigurationPlatforms) = postSolution
		{CE7378CF-0D77-4067-A885-0669653938C0}.Debug|Any CPU.ActiveCfg = Debug|Any CPU
		{CE7378CF-0D77-4067-A885-0669653938C0}.Debug|Any CPU.Build.0 = Debug|Any CPU
		{CE7378CF-0D77-4067-A885-0669653938C0}.Release|Any CPU.ActiveCfg = Release|Any CPU
		{CE7378CF-0D77-4067-A885-0669653938C0}.Release|Any CPU.Build.0 = Release|Any CPU
		{A6CB4278-2444-40FC-9899-02BC8ACFB3E7}.Debug|Any CPU.ActiveCfg = Debug|Any CPU
		{A6CB4278-2444-40FC-9899-02BC8ACFB3E7}.Debug|Any CPU.Build.0 = Debug|Any CPU
		{A6CB4278-2444-40FC-9899-02BC8ACFB3E7}.Release|Any CPU.ActiveCfg = Release|Any CPU
		{A6CB4278-2444-40FC-9899-02BC8ACFB3E7}.Release|Any CPU.Build.0 = Release|Any CPU
		{D67B7225-0498-4AE6-9BE8-867A5613B2F0}.Debug|Any CPU.ActiveCfg = Debug|Any CPU
		{D67B7225-0498-4AE6-9BE8-867A5613B2F0}.Debug|Any CPU.Build.0 = Debug|Any CPU
		{D67B7225-0498-4AE6-9BE8-867A5613B2F0}.Release|Any CPU.ActiveCfg = Release|Any CPU
		{D67B7225-0498-4AE6-9BE8-867A5613B2F0}.Release|Any CPU.Build.0 = Release|Any CPU
	EndGlobalSection
	GlobalSection(SolutionProperties) = preSolution
		HideSolutionNode = FALSE
	EndGlobalSection
	GlobalSection(ExtensibilityGlobals) = postSolution
		SolutionGuid = {1E140EF2-381C-4477-9D12-5EEA70A7BAE6}
	EndGlobalSection
EndGlobal
